version = 1
requires-python = ">=3.12"

[[package]]
name = "attrs"
version = "24.3.0"
source = { registry = "https://pypi.org/simple" }
sdist = { url = "https://files.pythonhosted.org/packages/48/c8/6260f8ccc11f0917360fc0da435c5c9c7504e3db174d5a12a1494887b045/attrs-24.3.0.tar.gz", hash = "sha256:8f5c07333d543103541ba7be0e2ce16eeee8130cb0b3f9238ab904ce1e85baff", size = 805984 }
wheels = [
    { url = "https://files.pythonhosted.org/packages/89/aa/ab0f7891a01eeb2d2e338ae8fecbe57fcebea1a24dbb64d45801bfab481d/attrs-24.3.0-py3-none-any.whl", hash = "sha256:ac96cd038792094f438ad1f6ff80837353805ac950cd2aa0e0625ef19850c308", size = 63397 },
]

[[package]]
name = "fancycompleter"
version = "0.9.1"
source = { registry = "https://pypi.org/simple" }
dependencies = [
    { name = "pyreadline", marker = "sys_platform == 'win32'" },
    { name = "pyrepl" },
]
sdist = { url = "https://files.pythonhosted.org/packages/a9/95/649d135442d8ecf8af5c7e235550c628056423c96c4bc6787348bdae9248/fancycompleter-0.9.1.tar.gz", hash = "sha256:09e0feb8ae242abdfd7ef2ba55069a46f011814a80fe5476be48f51b00247272", size = 10866 }
wheels = [
    { url = "https://files.pythonhosted.org/packages/38/ef/c08926112034d017633f693d3afc8343393a035134a29dfc12dcd71b0375/fancycompleter-0.9.1-py3-none-any.whl", hash = "sha256:dd076bca7d9d524cc7f25ec8f35ef95388ffef9ef46def4d3d25e9b044ad7080", size = 9681 },
]

[[package]]
name = "pdbpp"
version = "0.10.3"
source = { registry = "https://pypi.org/simple" }
dependencies = [
    { name = "fancycompleter" },
    { name = "pygments" },
    { name = "wmctrl" },
]
sdist = { url = "https://files.pythonhosted.org/packages/1f/a3/c4bd048256fd4b7d28767ca669c505e156f24d16355505c62e6fce3314df/pdbpp-0.10.3.tar.gz", hash = "sha256:d9e43f4fda388eeb365f2887f4e7b66ac09dce9b6236b76f63616530e2f669f5", size = 68116 }
wheels = [
    { url = "https://files.pythonhosted.org/packages/93/ee/491e63a57fffa78b9de1c337b06c97d0cd0753e88c00571c7b011680332a/pdbpp-0.10.3-py2.py3-none-any.whl", hash = "sha256:79580568e33eb3d6f6b462b1187f53e10cd8e4538f7d31495c9181e2cf9665d1", size = 23961 },
]

[[package]]
name = "pygments"
version = "2.19.1"
source = { registry = "https://pypi.org/simple" }
sdist = { url = "https://files.pythonhosted.org/packages/7c/2d/c3338d48ea6cc0feb8446d8e6937e1408088a72a39937982cc6111d17f84/pygments-2.19.1.tar.gz", hash = "sha256:61c16d2a8576dc0649d9f39e089b5f02bcd27fba10d8fb4dcc28173f7a45151f", size = 4968581 }
wheels = [
    { url = "https://files.pythonhosted.org/packages/8a/0b/9fcc47d19c48b59121088dd6da2488a49d5f72dacf8262e2790a1d2c7d15/pygments-2.19.1-py3-none-any.whl", hash = "sha256:9ea1544ad55cecf4b8242fab6dd35a93bbce657034b0611ee383099054ab6d8c", size = 1225293 },
]

[[package]]
name = "pyreadline"
version = "2.1"
source = { registry = "https://pypi.org/simple" }
sdist = { url = "https://files.pythonhosted.org/packages/bc/7c/d724ef1ec3ab2125f38a1d53285745445ec4a8f19b9bb0761b4064316679/pyreadline-2.1.zip", hash = "sha256:4530592fc2e85b25b1a9f79664433da09237c1a270e4d78ea5aa3a2c7229e2d1", size = 109189 }

[[package]]
name = "pyrepl"
version = "0.9.0"
source = { registry = "https://pypi.org/simple" }
sdist = { url = "https://files.pythonhosted.org/packages/05/1b/ea40363be0056080454cdbabe880773c3c5bd66d7b13f0c8b8b8c8da1e0c/pyrepl-0.9.0.tar.gz", hash = "sha256:292570f34b5502e871bbb966d639474f2b57fbfcd3373c2d6a2f3d56e681a775", size = 48744 }

[[package]]
name = "update-journal"
version = "0.1.0"
source = { virtual = "." }

[package.dev-dependencies]
dev = [
    { name = "pdbpp" },
]

[package.metadata]

[package.metadata.requires-dev]
dev = [{ name = "pdbpp", specifier = ">=0.10.3" }]

[[package]]
name = "wmctrl"
version = "0.5"
source = { registry = "https://pypi.org/simple" }
dependencies = [
    { name = "attrs" },
]
sdist = { url = "https://files.pythonhosted.org/packages/60/d9/6625ead93412c5ce86db1f8b4f2a70b8043e0a7c1d30099ba3c6a81641ff/wmctrl-0.5.tar.gz", hash = "sha256:7839a36b6fe9e2d6fd22304e5dc372dbced2116ba41283ea938b2da57f53e962", size = 5202 }
wheels = [
    { url = "https://files.pythonhosted.org/packages/13/ca/723e3f8185738d7947f14ee7dc663b59415c6dee43bd71575f8c7f5cd6be/wmctrl-0.5-py2.py3-none-any.whl", hash = "sha256:ae695c1863a314c899e7cf113f07c0da02a394b968c4772e1936219d9234ddd7", size = 4268 },
]
